// !$*UTF8*$!
{
	archiveVersion = 1;
	classes = {
	};
	objectVersion = 46;
	objects = {

/* Begin PBXBuildFile section */
		01DE4C831B414918002AB6B1 /* main.m in Sources */ = {isa = PBXBuildFile; fileRef = 01DE4C821B414918002AB6B1 /* main.m */; };
		01DE4C861B414918002AB6B1 /* AppDelegate.m in Sources */ = {isa = PBXBuildFile; fileRef = 01DE4C851B414918002AB6B1 /* AppDelegate.m */; };
		01DE4C891B414918002AB6B1 /* ViewController.m in Sources */ = {isa = PBXBuildFile; fileRef = 01DE4C881B414918002AB6B1 /* ViewController.m */; };
		01DE4C8C1B414918002AB6B1 /* Main.storyboard in Resources */ = {isa = PBXBuildFile; fileRef = 01DE4C8A1B414918002AB6B1 /* Main.storyboard */; };
		01DE4C8E1B414918002AB6B1 /* Images.xcassets in Resources */ = {isa = PBXBuildFile; fileRef = 01DE4C8D1B414918002AB6B1 /* Images.xcassets */; };
		01DE4C911B414918002AB6B1 /* LaunchScreen.xib in Resources */ = {isa = PBXBuildFile; fileRef = 01DE4C8F1B414918002AB6B1 /* LaunchScreen.xib */; };
		01DE4C9D1B414918002AB6B1 /* TwitterTests.m in Sources */ = {isa = PBXBuildFile; fileRef = 01DE4C9C1B414918002AB6B1 /* TwitterTests.m */; };
		31B9679A8DD3CBD968C5CA93 /* libPods-Twitter.a in Frameworks */ = {isa = PBXBuildFile; fileRef = 1D5E19EE360960E35EB3BD4B /* libPods-Twitter.a */; };
/* End PBXBuildFile section */

/* Begin PBXContainerItemProxy section */
		01DE4C971B414918002AB6B1 /* PBXContainerItemProxy */ = {
			isa = PBXContainerItemProxy;
			containerPortal = 01DE4C751B414918002AB6B1 /* Project object */;
			proxyType = 1;
			remoteGlobalIDString = 01DE4C7C1B414918002AB6B1;
			remoteInfo = Twitter;
		};
/* End PBXContainerItemProxy section */

/* Begin PBXFileReference section */
		01DE4C7D1B414918002AB6B1 /* Twitter.app */ = {isa = PBXFileReference; explicitFileType = wrapper.application; includeInIndex = 0; path = Twitter.app; sourceTree = BUILT_PRODUCTS_DIR; };
		01DE4C811B414918002AB6B1 /* Info.plist */ = {isa = PBXFileReference; lastKnownFileType = text.plist.xml; path = Info.plist; sourceTree = "<group>"; };
		01DE4C821B414918002AB6B1 /* main.m */ = {isa = PBXFileReference; lastKnownFileType = sourcecode.c.objc; path = main.m; sourceTree = "<group>"; };
		01DE4C841B414918002AB6B1 /* AppDelegate.h */ = {isa = PBXFileReference; lastKnownFileType = sourcecode.c.h; path = AppDelegate.h; sourceTree = "<group>"; };
		01DE4C851B414918002AB6B1 /* AppDelegate.m */ = {isa = PBXFileReference; lastKnownFileType = sourcecode.c.objc; path = AppDelegate.m; sourceTree = "<group>"; };
		01DE4C871B414918002AB6B1 /* ViewController.h */ = {isa = PBXFileReference; lastKnownFileType = sourcecode.c.h; path = ViewController.h; sourceTree = "<group>"; };
		01DE4C881B414918002AB6B1 /* ViewController.m */ = {isa = PBXFileReference; lastKnownFileType = sourcecode.c.objc; path = ViewController.m; sourceTree = "<group>"; };
		01DE4C8B1B414918002AB6B1 /* Base */ = {isa = PBXFileReference; lastKnownFileType = file.storyboard; name = Base; path = Base.lproj/Main.storyboard; sourceTree = "<group>"; };
		01DE4C8D1B414918002AB6B1 /* Images.xcassets */ = {isa = PBXFileReference; lastKnownFileType = folder.assetcatalog; path = Images.xcassets; sourceTree = "<group>"; };
		01DE4C901B414918002AB6B1 /* Base */ = {isa = PBXFileReference; lastKnownFileType = file.xib; name = Base; path = Base.lproj/LaunchScreen.xib; sourceTree = "<group>"; };
		01DE4C961B414918002AB6B1 /* TwitterTests.xctest */ = {isa = PBXFileReference; explicitFileType = wrapper.cfbundle; includeInIndex = 0; path = TwitterTests.xctest; sourceTree = BUILT_PRODUCTS_DIR; };
		01DE4C9B1B414918002AB6B1 /* Info.plist */ = {isa = PBXFileReference; lastKnownFileType = text.plist.xml; path = Info.plist; sourceTree = "<group>"; };
		01DE4C9C1B414918002AB6B1 /* TwitterTests.m */ = {isa = PBXFileReference; lastKnownFileType = sourcecode.c.objc; path = TwitterTests.m; sourceTree = "<group>"; };
		1D5E19EE360960E35EB3BD4B /* libPods-Twitter.a */ = {isa = PBXFileReference; explicitFileType = archive.ar; includeInIndex = 0; path = "libPods-Twitter.a"; sourceTree = BUILT_PRODUCTS_DIR; };
		1FA7D562206BBFE8297CBA30 /* Pods-Twitter.release.xcconfig */ = {isa = PBXFileReference; includeInIndex = 1; lastKnownFileType = text.xcconfig; name = "Pods-Twitter.release.xcconfig"; path = "Pods/Target Support Files/Pods-Twitter/Pods-Twitter.release.xcconfig"; sourceTree = "<group>"; };
		623C109A40655758E8EC6B04 /* Pods-Twitter.debug.xcconfig */ = {isa = PBXFileReference; includeInIndex = 1; lastKnownFileType = text.xcconfig; name = "Pods-Twitter.debug.xcconfig"; path = "Pods/Target Support Files/Pods-Twitter/Pods-Twitter.debug.xcconfig"; sourceTree = "<group>"; };
/* End PBXFileReference section */

/* Begin PBXFrameworksBuildPhase section */
		01DE4C7A1B414918002AB6B1 /* Frameworks */ = {
			isa = PBXFrameworksBuildPhase;
			buildActionMask = 2147483647;
			files = (
				31B9679A8DD3CBD968C5CA93 /* libPods-Twitter.a in Frameworks */,
			);
			runOnlyForDeploymentPostprocessing = 0;
		};
		01DE4C931B414918002AB6B1 /* Frameworks */ = {
			isa = PBXFrameworksBuildPhase;
			buildActionMask = 2147483647;
			files = (
			);
			runOnlyForDeploymentPostprocessing = 0;
		};
/* End PBXFrameworksBuildPhase section */

/* Begin PBXGroup section */
		01DE4C741B414918002AB6B1 = {
			isa = PBXGroup;
			children = (
				01DE4C7F1B414918002AB6B1 /* Twitter */,
				01DE4C991B414918002AB6B1 /* TwitterTests */,
				01DE4C7E1B414918002AB6B1 /* Products */,
				FD2CE0439F23368D19881A72 /* Pods */,
				6EA1305220E52859EA034075 /* Frameworks */,
			);
			sourceTree = "<group>";
		};
		01DE4C7E1B414918002AB6B1 /* Products */ = {
			isa = PBXGroup;
			children = (
				01DE4C7D1B414918002AB6B1 /* Twitter.app */,
				01DE4C961B414918002AB6B1 /* TwitterTests.xctest */,
			);
			name = Products;
			sourceTree = "<group>";
		};
		01DE4C7F1B414918002AB6B1 /* Twitter */ = {
			isa = PBXGroup;
			children = (
				01DE4C841B414918002AB6B1 /* AppDelegate.h */,
				01DE4C851B414918002AB6B1 /* AppDelegate.m */,
				01DE4C871B414918002AB6B1 /* ViewController.h */,
				01DE4C881B414918002AB6B1 /* ViewController.m */,
				01DE4C8A1B414918002AB6B1 /* Main.storyboard */,
				01DE4C8D1B414918002AB6B1 /* Images.xcassets */,
				01DE4C8F1B414918002AB6B1 /* LaunchScreen.xib */,
				01DE4C801B414918002AB6B1 /* Supporting Files */,
			);
			path = Twitter;
			sourceTree = "<group>";
		};
		01DE4C801B414918002AB6B1 /* Supporting Files */ = {
			isa = PBXGroup;
			children = (
				01DE4C811B414918002AB6B1 /* Info.plist */,
				01DE4C821B414918002AB6B1 /* main.m */,
			);
			name = "Supporting Files";
			sourceTree = "<group>";
		};
		01DE4C991B414918002AB6B1 /* TwitterTests */ = {
			isa = PBXGroup;
			children = (
				01DE4C9C1B414918002AB6B1 /* TwitterTests.m */,
				01DE4C9A1B414918002AB6B1 /* Supporting Files */,
			);
			path = TwitterTests;
			sourceTree = "<group>";
		};
		01DE4C9A1B414918002AB6B1 /* Supporting Files */ = {
			isa = PBXGroup;
			children = (
				01DE4C9B1B414918002AB6B1 /* Info.plist */,
			);
			name = "Supporting Files";
			sourceTree = "<group>";
		};
		6EA1305220E52859EA034075 /* Frameworks */ = {
			isa = PBXGroup;
			children = (
				1D5E19EE360960E35EB3BD4B /* libPods-Twitter.a */,
			);
			name = Frameworks;
			sourceTree = "<group>";
		};
		FD2CE0439F23368D19881A72 /* Pods */ = {
			isa = PBXGroup;
			children = (
				623C109A40655758E8EC6B04 /* Pods-Twitter.debug.xcconfig */,
				1FA7D562206BBFE8297CBA30 /* Pods-Twitter.release.xcconfig */,
			);
			name = Pods;
			sourceTree = "<group>";
		};
/* End PBXGroup section */

/* Begin PBXNativeTarget section */
		01DE4C7C1B414918002AB6B1 /* Twitter */ = {
			isa = PBXNativeTarget;
			buildConfigurationList = 01DE4CA01B414918002AB6B1 /* Build configuration list for PBXNativeTarget "Twitter" */;
			buildPhases = (
				26C0559AD2F7BEED2CD999C9 /* Check Pods Manifest.lock */,
				01DE4C791B414918002AB6B1 /* Sources */,
				01DE4C7A1B414918002AB6B1 /* Frameworks */,
				01DE4C7B1B414918002AB6B1 /* Resources */,
				04419D74924AB3529AE3C05F /* Copy Pods Resources */,
			);
			buildRules = (
			);
			dependencies = (
			);
			name = Twitter;
			productName = Twitter;
			productReference = 01DE4C7D1B414918002AB6B1 /* Twitter.app */;
			productType = "com.apple.product-type.application";
		};
		01DE4C951B414918002AB6B1 /* TwitterTests */ = {
			isa = PBXNativeTarget;
			buildConfigurationList = 01DE4CA31B414918002AB6B1 /* Build configuration list for PBXNativeTarget "TwitterTests" */;
			buildPhases = (
				01DE4C921B414918002AB6B1 /* Sources */,
				01DE4C931B414918002AB6B1 /* Frameworks */,
				01DE4C941B414918002AB6B1 /* Resources */,
			);
			buildRules = (
			);
			dependencies = (
				01DE4C981B414918002AB6B1 /* PBXTargetDependency */,
			);
			name = TwitterTests;
			productName = TwitterTests;
			productReference = 01DE4C961B414918002AB6B1 /* TwitterTests.xctest */;
			productType = "com.apple.product-type.bundle.unit-test";
		};
/* End PBXNativeTarget section */

/* Begin PBXProject section */
		01DE4C751B414918002AB6B1 /* Project object */ = {
			isa = PBXProject;
			attributes = {
				LastUpgradeCheck = 0630;
				ORGANIZATIONNAME = "Taco Chang";
				TargetAttributes = {
					01DE4C7C1B414918002AB6B1 = {
						CreatedOnToolsVersion = 6.3.2;
					};
					01DE4C951B414918002AB6B1 = {
						CreatedOnToolsVersion = 6.3.2;
						TestTargetID = 01DE4C7C1B414918002AB6B1;
					};
				};
			};
			buildConfigurationList = 01DE4C781B414918002AB6B1 /* Build configuration list for PBXProject "Twitter" */;
			compatibilityVersion = "Xcode 3.2";
			developmentRegion = English;
			hasScannedForEncodings = 0;
			knownRegions = (
				en,
				Base,
			);
			mainGroup = 01DE4C741B414918002AB6B1;
			productRefGroup = 01DE4C7E1B414918002AB6B1 /* Products */;
			projectDirPath = "";
			projectRoot = "";
			targets = (
				01DE4C7C1B414918002AB6B1 /* Twitter */,
				01DE4C951B414918002AB6B1 /* TwitterTests */,
			);
		};
/* End PBXProject section */

/* Begin PBXResourcesBuildPhase section */
		01DE4C7B1B414918002AB6B1 /* Resources */ = {
			isa = PBXResourcesBuildPhase;
			buildActionMask = 2147483647;
			files = (
				01DE4C8C1B414918002AB6B1 /* Main.storyboard in Resources */,
				01DE4C911B414918002AB6B1 /* LaunchScreen.xib in Resources */,
				01DE4C8E1B414918002AB6B1 /* Images.xcassets in Resources */,
			);
			runOnlyForDeploymentPostprocessing = 0;
		};
		01DE4C941B414918002AB6B1 /* Resources */ = {
			isa = PBXResourcesBuildPhase;
			buildActionMask = 2147483647;
			files = (
			);
			runOnlyForDeploymentPostprocessing = 0;
		};
/* End PBXResourcesBuildPhase section */

/* Begin PBXShellScriptBuildPhase section */
		04419D74924AB3529AE3C05F /* Copy Pods Resources */ = {
			isa = PBXShellScriptBuildPhase;
			buildActionMask = 2147483647;
			files = (
			);
			inputPaths = (
			);
			name = "Copy Pods Resources";
			outputPaths = (
			);
			runOnlyForDeploymentPostprocessing = 0;
			shellPath = /bin/sh;
			shellScript = "\"${SRCROOT}/Pods/Target Support Files/Pods-Twitter/Pods-Twitter-resources.sh\"\n";
			showEnvVarsInLog = 0;
		};
		26C0559AD2F7BEED2CD999C9 /* Check Pods Manifest.lock */ = {
			isa = PBXShellScriptBuildPhase;
			buildActionMask = 2147483647;
			files = (
			);
			inputPaths = (
			);
			name = "Check Pods Manifest.lock";
			outputPaths = (
			);
			runOnlyForDeploymentPostprocessing = 0;
			shellPath = /bin/sh;
			shellScript = "diff \"${PODS_ROOT}/../Podfile.lock\" \"${PODS_ROOT}/Manifest.lock\" > /dev/null\nif [[ $? != 0 ]] ; then\n    cat << EOM\nerror: The sandbox is not in sync with the Podfile.lock. Run 'pod install' or update your CocoaPods installation.\nEOM\n    exit 1\nfi\n";
			showEnvVarsInLog = 0;
		};
/* End PBXShellScriptBuildPhase section */

/* Begin PBXSourcesBuildPhase section */
		01DE4C791B414918002AB6B1 /* Sources */ = {
			isa = PBXSourcesBuildPhase;
			buildActionMask = 2147483647;
			files = (
				01DE4C891B414918002AB6B1 /* ViewController.m in Sources */,
				01DE4C861B414918002AB6B1 /* AppDelegate.m in Sources */,
				01DE4C831B414918002AB6B1 /* main.m in Sources */,
			);
			runOnlyForDeploymentPostprocessing = 0;
		};
		01DE4C921B414918002AB6B1 /* Sources */ = {
			isa = PBXSourcesBuildPhase;
			buildActionMask = 2147483647;
			files = (
				01DE4C9D1B414918002AB6B1 /* TwitterTests.m in Sources */,
			);
			runOnlyForDeploymentPostprocessing = 0;
		};
/* End PBXSourcesBuildPhase section */

/* Begin PBXTargetDependency section */
		01DE4C981B414918002AB6B1 /* PBXTargetDependency */ = {
			isa = PBXTargetDependency;
			target = 01DE4C7C1B414918002AB6B1 /* Twitter */;
			targetProxy = 01DE4C971B414918002AB6B1 /* PBXContainerItemProxy */;
		};
/* End PBXTargetDependency section */

/* Begin PBXVariantGroup section */
		01DE4C8A1B414918002AB6B1 /* Main.storyboard */ = {
			isa = PBXVariantGroup;
			children = (
				01DE4C8B1B414918002AB6B1 /* Base */,
			);
			name = Main.storyboard;
			sourceTree = "<group>";
		};
		01DE4C8F1B414918002AB6B1 /* LaunchScreen.xib */ = {
			isa = PBXVariantGroup;
			children = (
				01DE4C901B414918002AB6B1 /* Base */,
			);
			name = LaunchScreen.xib;
			sourceTree = "<group>";
		};
/* End PBXVariantGroup section */

/* Begin XCBuildConfiguration section */
		01DE4C9E1B414918002AB6B1 /* Debug */ = {
			isa = XCBuildConfiguration;
			buildSettings = {
				ALWAYS_SEARCH_USER_PATHS = NO;
				CLANG_CXX_LANGUAGE_STANDARD = "gnu++0x";
				CLANG_CXX_LIBRARY = "libc++";
				CLANG_ENABLE_MODULES = YES;
				CLANG_ENABLE_OBJC_ARC = YES;
				CLANG_WARN_BOOL_CONVERSION = YES;
				CLANG_WARN_CONSTANT_CONVERSION = YES;
				CLANG_WARN_DIRECT_OBJC_ISA_USAGE = YES_ERROR;
				CLANG_WARN_EMPTY_BODY = YES;
				CLANG_WARN_ENUM_CONVERSION = YES;
				CLANG_WARN_INT_CONVERSION = YES;
				CLANG_WARN_OBJC_ROOT_CLASS = YES_ERROR;
				CLANG_WARN_UNREACHABLE_CODE = YES;
				CLANG_WARN__DUPLICATE_METHOD_MATCH = YES;
				"CODE_SIGN_IDENTITY[sdk=iphoneos*]" = "iPhone Developer";
				COPY_PHASE_STRIP = NO;
				DEBUG_INFORMATION_FORMAT = "dwarf-with-dsym";
				ENABLE_STRICT_OBJC_MSGSEND = YES;
				GCC_C_LANGUAGE_STANDARD = gnu99;
				GCC_DYNAMIC_NO_PIC = NO;
				GCC_NO_COMMON_BLOCKS = YES;
				GCC_OPTIMIZATION_LEVEL = 0;
				GCC_PREPROCESSOR_DEFINITIONS = (
					"DEBUG=1",
					"$(inherited)",
				);
				GCC_SYMBOLS_PRIVATE_EXTERN = NO;
				GCC_WARN_64_TO_32_BIT_CONVERSION = YES;
				GCC_WARN_ABOUT_RETURN_TYPE = YES_ERROR;
				GCC_WARN_UNDECLARED_SELECTOR = YES;
				GCC_WARN_UNINITIALIZED_AUTOS = YES_AGGRESSIVE;
				GCC_WARN_UNUSED_FUNCTION = YES;
				GCC_WARN_UNUSED_VARIABLE = YES;
				IPHONEOS_DEPLOYMENT_TARGET = 8.3;
				MTL_ENABLE_DEBUG_INFO = YES;
				ONLY_ACTIVE_ARCH = YES;
				SDKROOT = iphoneos;
			};
			name = Debug;
		};
		01DE4C9F1B414918002AB6B1 /* Release */ = {
			isa = XCBuildConfiguration;
			buildSettings = {
				ALWAYS_SEARCH_USER_PATHS = NO;
				CLANG_CXX_LANGUAGE_STANDARD = "gnu++0x";
				CLANG_CXX_LIBRARY = "libc++";
				CLANG_ENABLE_MODULES = YES;
				CLANG_ENABLE_OBJC_ARC = YES;
				CLANG_WARN_BOOL_CONVERSION = YES;
				CLANG_WARN_CONSTANT_CONVERSION = YES;
				CLANG_WARN_DIRECT_OBJC_ISA_USAGE = YES_ERROR;
				CLANG_WARN_EMPTY_BODY = YES;
				CLANG_WARN_ENUM_CONVERSION = YES;
				CLANG_WARN_INT_CONVERSION = YES;
				CLANG_WARN_OBJC_ROOT_CLASS = YES_ERROR;
				CLANG_WARN_UNREACHABLE_CODE = YES;
				CLANG_WARN__DUPLICATE_METHOD_MATCH = YES;
				"CODE_SIGN_IDENTITY[sdk=iphoneos*]" = "iPhone Developer";
				COPY_PHASE_STRIP = NO;
				DEBUG_INFORMATION_FORMAT = "dwarf-with-dsym";
				ENABLE_NS_ASSERTIONS = NO;
				ENABLE_STRICT_OBJC_MSGSEND = YES;
				GCC_C_LANGUAGE_STANDARD = gnu99;
				GCC_NO_COMMON_BLOCKS = YES;
				GCC_WARN_64_TO_32_BIT_CONVERSION = YES;
				GCC_WARN_ABOUT_RETURN_TYPE = YES_ERROR;
				GCC_WARN_UNDECLARED_SELECTOR = YES;
				GCC_WARN_UNINITIALIZED_AUTOS = YES_AGGRESSIVE;
				GCC_WARN_UNUSED_FUNCTION = YES;
				GCC_WARN_UNUSED_VARIABLE = YES;
				IPHONEOS_DEPLOYMENT_TARGET = 8.3;
				MTL_ENABLE_DEBUG_INFO = NO;
				SDKROOT = iphoneos;
				VALIDATE_PRODUCT = YES;
			};
			name = Release;
		};
		01DE4CA11B414918002AB6B1 /* Debug */ = {
			isa = XCBuildConfiguration;
			baseConfigurationReference = 623C109A40655758E8EC6B04 /* Pods-Twitter.debug.xcconfig */;
			buildSettings = {
				ASSETCATALOG_COMPILER_APPICON_NAME = AppIcon;
				INFOPLIST_FILE = Twitter/Info.plist;
				LD_RUNPATH_SEARCH_PATHS = "$(inherited) @executable_path/Frameworks";
				PRODUCT_NAME = "$(TARGET_NAME)";
			};
			name = Debug;
		};
		01DE4CA21B414918002AB6B1 /* Release */ = {
			isa = XCBuildConfiguration;
			baseConfigurationReference = 1FA7D562206BBFE8297CBA30 /* Pods-Twitter.release.xcconfig */;
			buildSettings = {
				ASSETCATALOG_COMPILER_APPICON_NAME = AppIcon;
				INFOPLIST_FILE = Twitter/Info.plist;
				LD_RUNPATH_SEARCH_PATHS = "$(inherited) @executable_path/Frameworks";
				PRODUCT_NAME = "$(TARGET_NAME)";
			};
			name = Release;
		};
		01DE4CA41B414918002AB6B1 /* Debug */ = {
			isa = XCBuildConfiguration;
			buildSettings = {
				BUNDLE_LOADER = "$(TEST_HOST)";
				FRAMEWORK_SEARCH_PATHS = (
					"$(SDKROOT)/Developer/Library/Frameworks",
					"$(inherited)",
				);
				GCC_PREPROCESSOR_DEFINITIONS = (
					"DEBUG=1",
					"$(inherited)",
				);
				INFOPLIST_FILE = TwitterTests/Info.plist;
				LD_RUNPATH_SEARCH_PATHS = "$(inherited) @executable_path/Frameworks @loader_path/Frameworks";
				PRODUCT_NAME = "$(TARGET_NAME)";
				TEST_HOST = "$(BUILT_PRODUCTS_DIR)/Twitter.app/Twitter";
			};
			name = Debug;
		};
		01DE4CA51B414918002AB6B1 /* Release */ = {
			isa = XCBuildConfiguration;
			buildSettings = {
				BUNDLE_LOADER = "$(TEST_HOST)";
				FRAMEWORK_SEARCH_PATHS = (
					"$(SDKROOT)/Developer/Library/Frameworks",
					"$(inherited)",
				);
				INFOPLIST_FILE = TwitterTests/Info.plist;
				LD_RUNPATH_SEARCH_PATHS = "$(inherited) @executable_path/Frameworks @loader_path/Frameworks";
				PRODUCT_NAME = "$(TARGET_NAME)";
				TEST_HOST = "$(BUILT_PRODUCTS_DIR)/Twitter.app/Twitter";
			};
			name = Release;
		};
/* End XCBuildConfiguration section */

/* Begin XCConfigurationList section */
		01DE4C781B414918002AB6B1 /* Build configuration list for PBXProject "Twitter" */ = {
			isa = XCConfigurationList;
			buildConfigurations = (
				01DE4C9E1B414918002AB6B1 /* Debug */,
				01DE4C9F1B414918002AB6B1 /* Release */,
			);
			defaultConfigurationIsVisible = 0;
			defaultConfigurationName = Release;
		};
		01DE4CA01B414918002AB6B1 /* Build configuration list for PBXNativeTarget "Twitter" */ = {
			isa = XCConfigurationList;
			buildConfigurations = (
				01DE4CA11B414918002AB6B1 /* Debug */,
				01DE4CA21B414918002AB6B1 /* Release */,
			);
			defaultConfigurationIsVisible = 0;
			defaultConfigurationName = Release;
		};
		01DE4CA31B414918002AB6B1 /* Build configuration list for PBXNativeTarget "TwitterTests" */ = {
			isa = XCConfigurationList;
			buildConfigurations = (
				01DE4CA41B414918002AB6B1 /* Debug */,
				01DE4CA51B414918002AB6B1 /* Release */,
			);
			defaultConfigurationIsVisible = 0;
			defaultConfigurationName = Release;
		};
/* End XCConfigurationList section */
	};
	rootObject = 01DE4C751B414918002AB6B1 /* Project object */;
}
